dependencies:
  espressif/esp_codec_dev:
    component_hash: 1a3a2e518cd8b52e8796ec393a4050977f8f113599056faf085a02a57e194f86
    dependencies:
    - name: idf
      require: private
      version: '>=4.0'
    source:
      registry_url: https://components.espressif.com/
      type: service
    version: 1.1.0
  idf:
    source:
      type: idf
    version: 5.4.1
direct_dependencies:
- espressif/esp_codec_dev
manifest_hash: a7ac0eb6742d5fa56f4b06fae8f80dea9c0572bc8b7c56eecd2a451e02e64b6e
target: esp32s3
version: 2.0.0
