dependencies:
  esp_sparkbot_bsp:
    dependencies: []
    source:
      path: E:\practiceWeek\codes\SparkBot_pro\LCD_weather_voice_control\components\esp_sparkbot_bsp
      type: local
    version: 3.1.0~1
  espressif/adc_battery_estimation:
    component_hash: b915167c87ed5a84b13d680bd011c2ed9a15121f1e247c6903141b9f138f3606
    dependencies:
    - name: espressif/cmake_utilities
      registry_url: https://components.espressif.com
      require: private
      version: '*'
    - name: idf
      require: private
      version: '>=5.0'
    source:
      registry_url: https://components.espressif.com/
      type: service
    version: 0.2.1
  espressif/button:
    dependencies: []
    source:
      path: E:\practiceWeek\codes\SparkBot_pro\tank\sparkbot_motion_control\managed_components\espressif__button
      type: local
    version: 3.5.0
  espressif/cmake_utilities:
    component_hash: 351350613ceafba240b761b4ea991e0f231ac7a9f59a9ee901f751bddc0bb18f
    dependencies:
    - name: idf
      require: private
      version: '>=4.1'
    source:
      registry_url: https://components.espressif.com/
      type: service
    version: 0.5.3
  espressif/esp_lv_decoder:
    component_hash: 0433366896bb2023b96923b73030a836c1c310c33e16d196b4e92e16f9768035
    dependencies:
    - name: espressif/cmake_utilities
      registry_url: https://components.espressif.com
      require: private
      version: 0.*
    - name: espressif/esp_new_jpeg
      registry_url: https://components.espressif.com
      require: private
      version: 0.5.*
    - name: espressif/libpng
      registry_url: https://components.espressif.com
      require: private
      version: 1.*
    - name: idf
      require: private
      version: '>=4.4'
    - name: lvgl/lvgl
      registry_url: https://components.espressif.com
      require: private
      version: ^8
    source:
      registry_url: https://components.espressif.com/
      type: service
    version: 0.1.2~1
  espressif/esp_lvgl_port:
    component_hash: ff682937ac7f94653e45719f888db637830e90dd0ba3ff5b72d2c808c7a93949
    dependencies:
    - name: idf
      require: private
      version: '>=4.4'
    - name: lvgl/lvgl
      registry_url: https://components.espressif.com
      require: public
      version: '>=8,<10'
    source:
      registry_url: https://components.espressif.com/
      type: service
    version: 2.4.1
  espressif/esp_mmap_assets:
    dependencies: []
    source:
      path: E:\practiceWeek\codes\SparkBot_pro\tank\sparkbot_motion_control\managed_components\espressif__esp_mmap_assets
      type: local
    version: 1.4.0
  espressif/esp_new_jpeg:
    component_hash: 7c07831bbf11d15f84f42dc0e127094c78063b03d0dce688495773656f998d2b
    dependencies: []
    source:
      registry_url: https://components.espressif.com
      type: service
    targets:
    - esp32
    - esp32s2
    - esp32s3
    - esp32p4
    - esp32c2
    - esp32c3
    - esp32c5
    - esp32c6
    version: 0.5.1
  espressif/i2c_bus:
    component_hash: 799dfe7539755576431d3a8970335c230dcfa395af5e5ffd3abe570943bb5c2b
    dependencies:
    - name: espressif/cmake_utilities
      registry_url: https://components.espressif.com
      require: private
      version: 0.*
    - name: idf
      require: private
      version: '>=4.0'
    source:
      registry_url: https://components.espressif.com/
      type: service
    version: 1.1.0
  espressif/libpng:
    component_hash: 30b1f2f8ddf13754b3e21d7ac134b3cc8f02957bb01d0c6deb5e9a68080d69d5
    dependencies:
    - name: idf
      require: private
      version: '>=5.0'
    - name: espressif/zlib
      registry_url: https://components.espressif.com
      require: private
      version: ^1.2.13
    source:
      registry_url: https://components.espressif.com
      type: service
    version: 1.6.58
  espressif/zlib:
    component_hash: 64ea2fd6754c5a05951f1ddb312ac835cd782e68cb5bd9dfcd1c3a107c8fbfbc
    dependencies:
    - name: idf
      require: private
      version: '>=4.4'
    source:
      registry_url: https://components.espressif.com/
      type: service
    version: 1.3.2
  idf:
    source:
      type: idf
    version: 5.5.4
  lvgl/lvgl:
    dependencies: []
    source:
      path: E:\practiceWeek\codes\SparkBot_pro\tank\sparkbot_motion_control\managed_components\lvgl__lvgl
      type: local
    version: 8.4.0
  protocol_examples_common:
    dependencies: []
    source:
      path: D:\espidf\v5.5.4\esp-idf\examples\common_components\protocol_examples_common
      type: local
    version: '*'
direct_dependencies:
- espressif/adc_battery_estimation
- espressif/button
- espressif/cmake_utilities
- espressif/esp_lv_decoder
- espressif/esp_lvgl_port
- espressif/esp_mmap_assets
- espressif/esp_sparkbot_bsp
- espressif/i2c_bus
- espressif/zlib
- idf
- lvgl/lvgl
- protocol_examples_common
manifest_hash: 5ec6f727f7f2101c5476ead739af619fd777b76a62675920deda8e27e37a8a15
target: esp32s3
version: 2.0.0
